
Microsoft Visual Studio Solution File, Format Version 12.00
# Visual Studio Version 16
VisualStudioVersion = 16.0.34114.132
MinimumVisualStudioVersion = 10.0.40219.1
Project("{888888A0-9F3D-457C-B088-3A5042F75D52}") = "3rd question", "3rd question\3rd question.pyproj", "{AC67D50A-0973-42ED-9384-3CCDC4BF5F76}"
EndProject
Global
	GlobalSection(SolutionConfigurationPlatforms) = preSolution
		Debug|Any CPU = Debug|Any CPU
		Release|Any CPU = Release|Any CPU
	EndGlobalSection
	GlobalSection(ProjectConfigurationPlatforms) = postSolution
		{AC67D50A-0973-42ED-9384-3CCDC4BF5F76}.Debug|Any CPU.ActiveCfg = Debug|Any CPU
		{AC67D50A-0973-42ED-9384-3CCDC4BF5F76}.Release|Any CPU.ActiveCfg = Release|Any CPU
	EndGlobalSection
	GlobalSection(SolutionProperties) = preSolution
		HideSolutionNode = FALSE
	EndGlobalSection
	GlobalSection(ExtensibilityGlobals) = postSolution
		SolutionGuid = {437F0FE6-0DD3-4753-A88E-4255D707F4CB}
	EndGlobalSection
EndGlobal
